
Microsoft Visual Studio Solution File, Format Version 12.00
# Visual Studio 14
VisualStudioVersion = 14.0.25420.1
MinimumVisualStudioVersion = 10.0.40219.1
Project("{FAE04EC0-301F-11D3-BF4B-00C04F79EFBC}") = "Day1_01.09", "Day1_01.09\Day1_01.09.csproj", "{4A1D47FE-FCCD-43D7-A827-291004897ABD}"
EndProject
Project("{FAE04EC0-301F-11D3-BF4B-00C04F79EFBC}") = "Day2_01.10", "Day2_01.10\Day2_01.10.csproj", "{9ADFA2F7-AB05-4B5B-B949-010E88C5056B}"
EndProject
Project("{FAE04EC0-301F-11D3-BF4B-00C04F79EFBC}") = "Day3_01.11", "Day3_01.11\Day3_01.11.csproj", "{3F963850-67CD-486A-8519-FE665A4D54B1}"
EndProject
Project("{FAE04EC0-301F-11D3-BF4B-00C04F79EFBC}") = "Day4_01.12", "Day4_01.12\Day4_01.12.csproj", "{7F528C45-636C-42A4-852B-936F47216CBF}"
EndProject
Global
	GlobalSection(SolutionConfigurationPlatforms) = preSolution
		Debug|Any CPU = Debug|Any CPU
		Release|Any CPU = Release|Any CPU
	EndGlobalSection
	GlobalSection(ProjectConfigurationPlatforms) = postSolution
		{4A1D47FE-FCCD-43D7-A827-291004897ABD}.Debug|Any CPU.ActiveCfg = Debug|Any CPU
		{4A1D47FE-FCCD-43D7-A827-291004897ABD}.Debug|Any CPU.Build.0 = Debug|Any CPU
		{4A1D47FE-FCCD-43D7-A827-291004897ABD}.Release|Any CPU.ActiveCfg = Release|Any CPU
		{4A1D47FE-FCCD-43D7-A827-291004897ABD}.Release|Any CPU.Build.0 = Release|Any CPU
		{9ADFA2F7-AB05-4B5B-B949-010E88C5056B}.Debug|Any CPU.ActiveCfg = Debug|Any CPU
		{9ADFA2F7-AB05-4B5B-B949-010E88C5056B}.Debug|Any CPU.Build.0 = Debug|Any CPU
		{9ADFA2F7-AB05-4B5B-B949-010E88C5056B}.Release|Any CPU.ActiveCfg = Release|Any CPU
		{9ADFA2F7-AB05-4B5B-B949-010E88C5056B}.Release|Any CPU.Build.0 = Release|Any CPU
		{3F963850-67CD-486A-8519-FE665A4D54B1}.Debug|Any CPU.ActiveCfg = Debug|Any CPU
		{3F963850-67CD-486A-8519-FE665A4D54B1}.Debug|Any CPU.Build.0 = Debug|Any CPU
		{3F963850-67CD-486A-8519-FE665A4D54B1}.Release|Any CPU.ActiveCfg = Release|Any CPU
		{3F963850-67CD-486A-8519-FE665A4D54B1}.Release|Any CPU.Build.0 = Release|Any CPU
		{7F528C45-636C-42A4-852B-936F47216CBF}.Debug|Any CPU.ActiveCfg = Debug|Any CPU
		{7F528C45-636C-42A4-852B-936F47216CBF}.Debug|Any CPU.Build.0 = Debug|Any CPU
		{7F528C45-636C-42A4-852B-936F47216CBF}.Release|Any CPU.ActiveCfg = Release|Any CPU
		{7F528C45-636C-42A4-852B-936F47216CBF}.Release|Any CPU.Build.0 = Release|Any CPU
	EndGlobalSection
	GlobalSection(SolutionProperties) = preSolution
		HideSolutionNode = FALSE
	EndGlobalSection
EndGlobal
